
Microsoft Visual Studio Solution File, Format Version 12.00
# Visual Studio Version 17
VisualStudioVersion = 17.12.35527.113
MinimumVisualStudioVersion = 10.0.40219.1
Project("{FAE04EC0-301F-11D3-BF4B-00C04F79EFBC}") = "Reflection_practice", "Reflection_practice\Reflection_practice.csproj", "{356126F4-AC5F-4425-AFF8-28976D4F6E80}"
EndProject
Project("{FAE04EC0-301F-11D3-BF4B-00C04F79EFBC}") = "20250602_Task2", "20250602_Task2\20250602_Task2.csproj", "{403E9372-8559-4249-B2D0-FFF5CFC02D7C}"
EndProject
Project("{FAE04EC0-301F-11D3-BF4B-00C04F79EFBC}") = "20250602_Task3", "20250602_Task3\20250602_Task3.csproj", "{E5759C5E-32AF-4728-8324-7D222DEF4855}"
EndProject
Project("{FAE04EC0-301F-11D3-BF4B-00C04F79EFBC}") = "20250602_Task4", "20250602_Task4\20250602_Task4.csproj", "{03296BC3-9CDE-4A41-B525-DF90930C8670}"
EndProject
Project("{FAE04EC0-301F-11D3-BF4B-00C04F79EFBC}") = "20250602_Task5", "20250602_Task5\20250602_Task5.csproj", "{5DE9DA4E-6886-475D-B4D8-AB6F9A2D4C17}"
EndProject
Project("{FAE04EC0-301F-11D3-BF4B-00C04F79EFBC}") = "20250602_Task6", "20250602_Task6\20250602_Task6.csproj", "{47220724-5C17-4D6E-B0C1-87BAD1DF535D}"
EndProject
Global
	GlobalSection(SolutionConfigurationPlatforms) = preSolution
		Debug|Any CPU = Debug|Any CPU
		Release|Any CPU = Release|Any CPU
	EndGlobalSection
	GlobalSection(ProjectConfigurationPlatforms) = postSolution
		{356126F4-AC5F-4425-AFF8-28976D4F6E80}.Debug|Any CPU.ActiveCfg = Debug|Any CPU
		{356126F4-AC5F-4425-AFF8-28976D4F6E80}.Debug|Any CPU.Build.0 = Debug|Any CPU
		{356126F4-AC5F-4425-AFF8-28976D4F6E80}.Release|Any CPU.ActiveCfg = Release|Any CPU
		{356126F4-AC5F-4425-AFF8-28976D4F6E80}.Release|Any CPU.Build.0 = Release|Any CPU
		{403E9372-8559-4249-B2D0-FFF5CFC02D7C}.Debug|Any CPU.ActiveCfg = Debug|Any CPU
		{403E9372-8559-4249-B2D0-FFF5CFC02D7C}.Debug|Any CPU.Build.0 = Debug|Any CPU
		{403E9372-8559-4249-B2D0-FFF5CFC02D7C}.Release|Any CPU.ActiveCfg = Release|Any CPU
		{403E9372-8559-4249-B2D0-FFF5CFC02D7C}.Release|Any CPU.Build.0 = Release|Any CPU
		{E5759C5E-32AF-4728-8324-7D222DEF4855}.Debug|Any CPU.ActiveCfg = Debug|Any CPU
		{E5759C5E-32AF-4728-8324-7D222DEF4855}.Debug|Any CPU.Build.0 = Debug|Any CPU
		{E5759C5E-32AF-4728-8324-7D222DEF4855}.Release|Any CPU.ActiveCfg = Release|Any CPU
		{E5759C5E-32AF-4728-8324-7D222DEF4855}.Release|Any CPU.Build.0 = Release|Any CPU
		{03296BC3-9CDE-4A41-B525-DF90930C8670}.Debug|Any CPU.ActiveCfg = Debug|Any CPU
		{03296BC3-9CDE-4A41-B525-DF90930C8670}.Debug|Any CPU.Build.0 = Debug|Any CPU
		{03296BC3-9CDE-4A41-B525-DF90930C8670}.Release|Any CPU.ActiveCfg = Release|Any CPU
		{03296BC3-9CDE-4A41-B525-DF90930C8670}.Release|Any CPU.Build.0 = Release|Any CPU
		{5DE9DA4E-6886-475D-B4D8-AB6F9A2D4C17}.Debug|Any CPU.ActiveCfg = Debug|Any CPU
		{5DE9DA4E-6886-475D-B4D8-AB6F9A2D4C17}.Debug|Any CPU.Build.0 = Debug|Any CPU
		{5DE9DA4E-6886-475D-B4D8-AB6F9A2D4C17}.Release|Any CPU.ActiveCfg = Release|Any CPU
		{5DE9DA4E-6886-475D-B4D8-AB6F9A2D4C17}.Release|Any CPU.Build.0 = Release|Any CPU
		{47220724-5C17-4D6E-B0C1-87BAD1DF535D}.Debug|Any CPU.ActiveCfg = Debug|Any CPU
		{47220724-5C17-4D6E-B0C1-87BAD1DF535D}.Debug|Any CPU.Build.0 = Debug|Any CPU
		{47220724-5C17-4D6E-B0C1-87BAD1DF535D}.Release|Any CPU.ActiveCfg = Release|Any CPU
		{47220724-5C17-4D6E-B0C1-87BAD1DF535D}.Release|Any CPU.Build.0 = Release|Any CPU
	EndGlobalSection
	GlobalSection(SolutionProperties) = preSolution
		HideSolutionNode = FALSE
	EndGlobalSection
EndGlobal
